
Microsoft Visual Studio Solution File, Format Version 12.00
Project("{FAE04EC0-301F-11D3-BF4B-00C04F79EFBC}") = "APIGateway", "APIGateway\APIGateway.csproj", "{45AFD6C1-4324-4129-B769-62C06624ABF5}"
EndProject
Project("{FAE04EC0-301F-11D3-BF4B-00C04F79EFBC}") = "AuthService", "AuthService\AuthService.csproj", "{B52696F0-3B8A-4E62-B4C3-D7DE2CA189EA}"
EndProject
Project("{FAE04EC0-301F-11D3-BF4B-00C04F79EFBC}") = "ProductService", "ProductService\ProductService.csproj", "{8A8A52F2-B168-404D-9AF0-DCFB1FEC2B57}"
EndProject
Project("{FAE04EC0-301F-11D3-BF4B-00C04F79EFBC}") = "BasketService", "BasketService\BasketService.csproj", "{635BA8F0-A9DC-4E45-BF70-071439BA65B2}"
EndProject
Global
	GlobalSection(SolutionConfigurationPlatforms) = preSolution
		Debug|Any CPU = Debug|Any CPU
		Release|Any CPU = Release|Any CPU
	EndGlobalSection
	GlobalSection(ProjectConfigurationPlatforms) = postSolution
		{45AFD6C1-4324-4129-B769-62C06624ABF5}.Debug|Any CPU.ActiveCfg = Debug|Any CPU
		{45AFD6C1-4324-4129-B769-62C06624ABF5}.Debug|Any CPU.Build.0 = Debug|Any CPU
		{45AFD6C1-4324-4129-B769-62C06624ABF5}.Release|Any CPU.ActiveCfg = Release|Any CPU
		{45AFD6C1-4324-4129-B769-62C06624ABF5}.Release|Any CPU.Build.0 = Release|Any CPU
		{B52696F0-3B8A-4E62-B4C3-D7DE2CA189EA}.Debug|Any CPU.ActiveCfg = Debug|Any CPU
		{B52696F0-3B8A-4E62-B4C3-D7DE2CA189EA}.Debug|Any CPU.Build.0 = Debug|Any CPU
		{B52696F0-3B8A-4E62-B4C3-D7DE2CA189EA}.Release|Any CPU.ActiveCfg = Release|Any CPU
		{B52696F0-3B8A-4E62-B4C3-D7DE2CA189EA}.Release|Any CPU.Build.0 = Release|Any CPU
		{8A8A52F2-B168-404D-9AF0-DCFB1FEC2B57}.Debug|Any CPU.ActiveCfg = Debug|Any CPU
		{8A8A52F2-B168-404D-9AF0-DCFB1FEC2B57}.Debug|Any CPU.Build.0 = Debug|Any CPU
		{8A8A52F2-B168-404D-9AF0-DCFB1FEC2B57}.Release|Any CPU.ActiveCfg = Release|Any CPU
		{8A8A52F2-B168-404D-9AF0-DCFB1FEC2B57}.Release|Any CPU.Build.0 = Release|Any CPU
		{635BA8F0-A9DC-4E45-BF70-071439BA65B2}.Debug|Any CPU.ActiveCfg = Debug|Any CPU
		{635BA8F0-A9DC-4E45-BF70-071439BA65B2}.Debug|Any CPU.Build.0 = Debug|Any CPU
		{635BA8F0-A9DC-4E45-BF70-071439BA65B2}.Release|Any CPU.ActiveCfg = Release|Any CPU
		{635BA8F0-A9DC-4E45-BF70-071439BA65B2}.Release|Any CPU.Build.0 = Release|Any CPU
	EndGlobalSection
EndGlobal
